// !$*UTF8*$!
{
	archiveVersion = 1;
	classes = {
	};
	objectVersion = 48;
	objects = {

/* Begin PBXBuildFile section */
		5B076416206374340007D6B0 /* 2DArraySearch.m in Sources */ = {isa = PBXBuildFile; fileRef = 5B076415206374340007D6B0 /* 2DArraySearch.m */; };
		5B07641920637D400007D6B0 /* PrintListReversingly.m in Sources */ = {isa = PBXBuildFile; fileRef = 5B07641820637D400007D6B0 /* PrintListReversingly.m */; };
		5B07641E20637D730007D6B0 /* LinkList.m in Sources */ = {isa = PBXBuildFile; fileRef = 5B07641D20637D730007D6B0 /* LinkList.m */; };
		5B893531206369E000A54952 /* main.m in Sources */ = {isa = PBXBuildFile; fileRef = 5B893530206369E000A54952 /* main.m */; };
		5B893539206369ED00A54952 /* Singletion.m in Sources */ = {isa = PBXBuildFile; fileRef = 5B893538206369ED00A54952 /* Singletion.m */; };
		5B89353C20636C6400A54952 /* duplicateNumber.m in Sources */ = {isa = PBXBuildFile; fileRef = 5B89353B20636C6400A54952 /* duplicateNumber.m */; };
/* End PBXBuildFile section */

/* Begin PBXCopyFilesBuildPhase section */
		5B89352B206369E000A54952 /* CopyFiles */ = {
			isa = PBXCopyFilesBuildPhase;
			buildActionMask = 2147483647;
			dstPath = /usr/share/man/man1/;
			dstSubfolderSpec = 0;
			files = (
			);
			runOnlyForDeploymentPostprocessing = 1;
		};
/* End PBXCopyFilesBuildPhase section */

/* Begin PBXFileReference section */
		5B076414206374340007D6B0 /* 2DArraySearch.h */ = {isa = PBXFileReference; lastKnownFileType = sourcecode.c.h; path = 2DArraySearch.h; sourceTree = "<group>"; };
		5B076415206374340007D6B0 /* 2DArraySearch.m */ = {isa = PBXFileReference; lastKnownFileType = sourcecode.c.objc; path = 2DArraySearch.m; sourceTree = "<group>"; };
		5B07641720637D400007D6B0 /* PrintListReversingly.h */ = {isa = PBXFileReference; lastKnownFileType = sourcecode.c.h; path = PrintListReversingly.h; sourceTree = "<group>"; };
		5B07641820637D400007D6B0 /* PrintListReversingly.m */ = {isa = PBXFileReference; lastKnownFileType = sourcecode.c.objc; path = PrintListReversingly.m; sourceTree = "<group>"; };
		5B07641C20637D730007D6B0 /* LinkList.h */ = {isa = PBXFileReference; lastKnownFileType = sourcecode.c.h; path = LinkList.h; sourceTree = "<group>"; };
		5B07641D20637D730007D6B0 /* LinkList.m */ = {isa = PBXFileReference; lastKnownFileType = sourcecode.c.objc; path = LinkList.m; sourceTree = "<group>"; };
		5B89352D206369E000A54952 /* 剑指offer题目 */ = {isa = PBXFileReference; explicitFileType = "compiled.mach-o.executable"; includeInIndex = 0; path = "剑指offer题目"; sourceTree = BUILT_PRODUCTS_DIR; };
		5B893530206369E000A54952 /* main.m */ = {isa = PBXFileReference; lastKnownFileType = sourcecode.c.objc; path = main.m; sourceTree = "<group>"; };
		5B893537206369ED00A54952 /* Singletion.h */ = {isa = PBXFileReference; lastKnownFileType = sourcecode.c.h; path = Singletion.h; sourceTree = "<group>"; };
		5B893538206369ED00A54952 /* Singletion.m */ = {isa = PBXFileReference; lastKnownFileType = sourcecode.c.objc; path = Singletion.m; sourceTree = "<group>"; };
		5B89353A20636C6400A54952 /* duplicateNumber.h */ = {isa = PBXFileReference; lastKnownFileType = sourcecode.c.h; path = duplicateNumber.h; sourceTree = "<group>"; };
		5B89353B20636C6400A54952 /* duplicateNumber.m */ = {isa = PBXFileReference; lastKnownFileType = sourcecode.c.objc; path = duplicateNumber.m; sourceTree = "<group>"; };
/* End PBXFileReference section */

/* Begin PBXFrameworksBuildPhase section */
		5B89352A206369E000A54952 /* Frameworks */ = {
			isa = PBXFrameworksBuildPhase;
			buildActionMask = 2147483647;
			files = (
			);
			runOnlyForDeploymentPostprocessing = 0;
		};
/* End PBXFrameworksBuildPhase section */

/* Begin PBXGroup section */
		5B07641A20637D450007D6B0 /* 从尾到头打印链表 */ = {
			isa = PBXGroup;
			children = (
				5B07641720637D400007D6B0 /* PrintListReversingly.h */,
				5B07641820637D400007D6B0 /* PrintListReversingly.m */,
			);
			path = "从尾到头打印链表";
			sourceTree = "<group>";
		};
		5B07641B20637D5A0007D6B0 /* Data Struct */ = {
			isa = PBXGroup;
			children = (
				5B07641C20637D730007D6B0 /* LinkList.h */,
				5B07641D20637D730007D6B0 /* LinkList.m */,
			);
			path = "Data Struct";
			sourceTree = "<group>";
		};
		5B07641F20637DE30007D6B0 /* 题目 */ = {
			isa = PBXGroup;
			children = (
				5B07641A20637D450007D6B0 /* 从尾到头打印链表 */,
				5BD54C1A2063740A00D8D650 /* 二维数组查找 */,
				5B89353D2063738E00A54952 /* Singleton */,
				5B89353E2063739C00A54952 /* duplicateNumber */,
			);
			path = "题目";
			sourceTree = "<group>";
		};
		5B893524206369E000A54952 = {
			isa = PBXGroup;
			children = (
				5B89352F206369E000A54952 /* 剑指offer题目 */,
				5B89352E206369E000A54952 /* Products */,
			);
			sourceTree = "<group>";
		};
		5B89352E206369E000A54952 /* Products */ = {
			isa = PBXGroup;
			children = (
				5B89352D206369E000A54952 /* 剑指offer题目 */,
			);
			name = Products;
			sourceTree = "<group>";
		};
		5B89352F206369E000A54952 /* 剑指offer题目 */ = {
			isa = PBXGroup;
			children = (
				5B07641F20637DE30007D6B0 /* 题目 */,
				5B07641B20637D5A0007D6B0 /* Data Struct */,
				5B893530206369E000A54952 /* main.m */,
			);
			path = "剑指offer题目";
			sourceTree = "<group>";
		};
		5B89353D2063738E00A54952 /* Singleton */ = {
			isa = PBXGroup;
			children = (
				5B893537206369ED00A54952 /* Singletion.h */,
				5B893538206369ED00A54952 /* Singletion.m */,
			);
			path = Singleton;
			sourceTree = "<group>";
		};
		5B89353E2063739C00A54952 /* duplicateNumber */ = {
			isa = PBXGroup;
			children = (
				5B89353A20636C6400A54952 /* duplicateNumber.h */,
				5B89353B20636C6400A54952 /* duplicateNumber.m */,
			);
			path = duplicateNumber;
			sourceTree = "<group>";
		};
		5BD54C1A2063740A00D8D650 /* 二维数组查找 */ = {
			isa = PBXGroup;
			children = (
				5B076414206374340007D6B0 /* 2DArraySearch.h */,
				5B076415206374340007D6B0 /* 2DArraySearch.m */,
			);
			path = "二维数组查找";
			sourceTree = "<group>";
		};
/* End PBXGroup section */

/* Begin PBXNativeTarget section */
		5B89352C206369E000A54952 /* 剑指offer题目 */ = {
			isa = PBXNativeTarget;
			buildConfigurationList = 5B893534206369E000A54952 /* Build configuration list for PBXNativeTarget "剑指offer题目" */;
			buildPhases = (
				5B893529206369E000A54952 /* Sources */,
				5B89352A206369E000A54952 /* Frameworks */,
				5B89352B206369E000A54952 /* CopyFiles */,
			);
			buildRules = (
			);
			dependencies = (
			);
			name = "剑指offer题目";
			productName = "剑指offer题目";
			productReference = 5B89352D206369E000A54952 /* 剑指offer题目 */;
			productType = "com.apple.product-type.tool";
		};
/* End PBXNativeTarget section */

/* Begin PBXProject section */
		5B893525206369E000A54952 /* Project object */ = {
			isa = PBXProject;
			attributes = {
				LastUpgradeCheck = 0920;
				ORGANIZATIONNAME = Dywane;
				TargetAttributes = {
					5B89352C206369E000A54952 = {
						CreatedOnToolsVersion = 9.2;
						ProvisioningStyle = Automatic;
					};
				};
			};
			buildConfigurationList = 5B893528206369E000A54952 /* Build configuration list for PBXProject "剑指offer题目" */;
			compatibilityVersion = "Xcode 8.0";
			developmentRegion = en;
			hasScannedForEncodings = 0;
			knownRegions = (
				en,
			);
			mainGroup = 5B893524206369E000A54952;
			productRefGroup = 5B89352E206369E000A54952 /* Products */;
			projectDirPath = "";
			projectRoot = "";
			targets = (
				5B89352C206369E000A54952 /* 剑指offer题目 */,
			);
		};
/* End PBXProject section */

/* Begin PBXSourcesBuildPhase section */
		5B893529206369E000A54952 /* Sources */ = {
			isa = PBXSourcesBuildPhase;
			buildActionMask = 2147483647;
			files = (
				5B893531206369E000A54952 /* main.m in Sources */,
				5B07641920637D400007D6B0 /* PrintListReversingly.m in Sources */,
				5B076416206374340007D6B0 /* 2DArraySearch.m in Sources */,
				5B07641E20637D730007D6B0 /* LinkList.m in Sources */,
				5B893539206369ED00A54952 /* Singletion.m in Sources */,
				5B89353C20636C6400A54952 /* duplicateNumber.m in Sources */,
			);
			runOnlyForDeploymentPostprocessing = 0;
		};
/* End PBXSourcesBuildPhase section */

/* Begin XCBuildConfiguration section */
		5B893532206369E000A54952 /* Debug */ = {
			isa = XCBuildConfiguration;
			buildSettings = {
				ALWAYS_SEARCH_USER_PATHS = NO;
				CLANG_ANALYZER_NONNULL = YES;
				CLANG_ANALYZER_NUMBER_OBJECT_CONVERSION = YES_AGGRESSIVE;
				CLANG_CXX_LANGUAGE_STANDARD = "gnu++14";
				CLANG_CXX_LIBRARY = "libc++";
				CLANG_ENABLE_MODULES = YES;
				CLANG_ENABLE_OBJC_ARC = YES;
				CLANG_WARN_BLOCK_CAPTURE_AUTORELEASING = YES;
				CLANG_WARN_BOOL_CONVERSION = YES;
				CLANG_WARN_COMMA = YES;
				CLANG_WARN_CONSTANT_CONVERSION = YES;
				CLANG_WARN_DIRECT_OBJC_ISA_USAGE = YES_ERROR;
				CLANG_WARN_DOCUMENTATION_COMMENTS = YES;
				CLANG_WARN_EMPTY_BODY = YES;
				CLANG_WARN_ENUM_CONVERSION = YES;
				CLANG_WARN_INFINITE_RECURSION = YES;
				CLANG_WARN_INT_CONVERSION = YES;
				CLANG_WARN_NON_LITERAL_NULL_CONVERSION = YES;
				CLANG_WARN_OBJC_LITERAL_CONVERSION = YES;
				CLANG_WARN_OBJC_ROOT_CLASS = YES_ERROR;
				CLANG_WARN_RANGE_LOOP_ANALYSIS = YES;
				CLANG_WARN_STRICT_PROTOTYPES = YES;
				CLANG_WARN_SUSPICIOUS_MOVE = YES;
				CLANG_WARN_UNGUARDED_AVAILABILITY = YES_AGGRESSIVE;
				CLANG_WARN_UNREACHABLE_CODE = YES;
				CLANG_WARN__DUPLICATE_METHOD_MATCH = YES;
				CODE_SIGN_IDENTITY = "Mac Developer";
				COPY_PHASE_STRIP = NO;
				DEBUG_INFORMATION_FORMAT = dwarf;
				ENABLE_STRICT_OBJC_MSGSEND = YES;
				ENABLE_TESTABILITY = YES;
				GCC_C_LANGUAGE_STANDARD = gnu11;
				GCC_DYNAMIC_NO_PIC = NO;
				GCC_NO_COMMON_BLOCKS = YES;
				GCC_OPTIMIZATION_LEVEL = 0;
				GCC_PREPROCESSOR_DEFINITIONS = (
					"DEBUG=1",
					"$(inherited)",
				);
				GCC_WARN_64_TO_32_BIT_CONVERSION = YES;
				GCC_WARN_ABOUT_RETURN_TYPE = YES_ERROR;
				GCC_WARN_UNDECLARED_SELECTOR = YES;
				GCC_WARN_UNINITIALIZED_AUTOS = YES_AGGRESSIVE;
				GCC_WARN_UNUSED_FUNCTION = YES;
				GCC_WARN_UNUSED_VARIABLE = YES;
				MACOSX_DEPLOYMENT_TARGET = 10.13;
				MTL_ENABLE_DEBUG_INFO = YES;
				ONLY_ACTIVE_ARCH = YES;
				SDKROOT = macosx;
			};
			name = Debug;
		};
		5B893533206369E000A54952 /* Release */ = {
			isa = XCBuildConfiguration;
			buildSettings = {
				ALWAYS_SEARCH_USER_PATHS = NO;
				CLANG_ANALYZER_NONNULL = YES;
				CLANG_ANALYZER_NUMBER_OBJECT_CONVERSION = YES_AGGRESSIVE;
				CLANG_CXX_LANGUAGE_STANDARD = "gnu++14";
				CLANG_CXX_LIBRARY = "libc++";
				CLANG_ENABLE_MODULES = YES;
				CLANG_ENABLE_OBJC_ARC = YES;
				CLANG_WARN_BLOCK_CAPTURE_AUTORELEASING = YES;
				CLANG_WARN_BOOL_CONVERSION = YES;
				CLANG_WARN_COMMA = YES;
				CLANG_WARN_CONSTANT_CONVERSION = YES;
				CLANG_WARN_DIRECT_OBJC_ISA_USAGE = YES_ERROR;
				CLANG_WARN_DOCUMENTATION_COMMENTS = YES;
				CLANG_WARN_EMPTY_BODY = YES;
				CLANG_WARN_ENUM_CONVERSION = YES;
				CLANG_WARN_INFINITE_RECURSION = YES;
				CLANG_WARN_INT_CONVERSION = YES;
				CLANG_WARN_NON_LITERAL_NULL_CONVERSION = YES;
				CLANG_WARN_OBJC_LITERAL_CONVERSION = YES;
				CLANG_WARN_OBJC_ROOT_CLASS = YES_ERROR;
				CLANG_WARN_RANGE_LOOP_ANALYSIS = YES;
				CLANG_WARN_STRICT_PROTOTYPES = YES;
				CLANG_WARN_SUSPICIOUS_MOVE = YES;
				CLANG_WARN_UNGUARDED_AVAILABILITY = YES_AGGRESSIVE;
				CLANG_WARN_UNREACHABLE_CODE = YES;
				CLANG_WARN__DUPLICATE_METHOD_MATCH = YES;
				CODE_SIGN_IDENTITY = "Mac Developer";
				COPY_PHASE_STRIP = NO;
				DEBUG_INFORMATION_FORMAT = "dwarf-with-dsym";
				ENABLE_NS_ASSERTIONS = NO;
				ENABLE_STRICT_OBJC_MSGSEND = YES;
				GCC_C_LANGUAGE_STANDARD = gnu11;
				GCC_NO_COMMON_BLOCKS = YES;
				GCC_WARN_64_TO_32_BIT_CONVERSION = YES;
				GCC_WARN_ABOUT_RETURN_TYPE = YES_ERROR;
				GCC_WARN_UNDECLARED_SELECTOR = YES;
				GCC_WARN_UNINITIALIZED_AUTOS = YES_AGGRESSIVE;
				GCC_WARN_UNUSED_FUNCTION = YES;
				GCC_WARN_UNUSED_VARIABLE = YES;
				MACOSX_DEPLOYMENT_TARGET = 10.13;
				MTL_ENABLE_DEBUG_INFO = NO;
				SDKROOT = macosx;
			};
			name = Release;
		};
		5B893535206369E000A54952 /* Debug */ = {
			isa = XCBuildConfiguration;
			buildSettings = {
				CODE_SIGN_STYLE = Automatic;
				DEVELOPMENT_TEAM = 55F5T35K6E;
				PRODUCT_NAME = "$(TARGET_NAME)";
			};
			name = Debug;
		};
		5B893536206369E000A54952 /* Release */ = {
			isa = XCBuildConfiguration;
			buildSettings = {
				CODE_SIGN_STYLE = Automatic;
				DEVELOPMENT_TEAM = 55F5T35K6E;
				PRODUCT_NAME = "$(TARGET_NAME)";
			};
			name = Release;
		};
/* End XCBuildConfiguration section */

/* Begin XCConfigurationList section */
		5B893528206369E000A54952 /* Build configuration list for PBXProject "剑指offer题目" */ = {
			isa = XCConfigurationList;
			buildConfigurations = (
				5B893532206369E000A54952 /* Debug */,
				5B893533206369E000A54952 /* Release */,
			);
			defaultConfigurationIsVisible = 0;
			defaultConfigurationName = Release;
		};
		5B893534206369E000A54952 /* Build configuration list for PBXNativeTarget "剑指offer题目" */ = {
			isa = XCConfigurationList;
			buildConfigurations = (
				5B893535206369E000A54952 /* Debug */,
				5B893536206369E000A54952 /* Release */,
			);
			defaultConfigurationIsVisible = 0;
			defaultConfigurationName = Release;
		};
/* End XCConfigurationList section */
	};
	rootObject = 5B893525206369E000A54952 /* Project object */;
}
