// !$*UTF8*$!
{
	archiveVersion = 1;
	classes = {
	};
	objectVersion = 48;
	objects = {

/* Begin PBXBuildFile section */
		5B076416206374340007D6B0 /* 2DArraySearch.m in Sources */ = {isa = PBXBuildFile; fileRef = 5B076415206374340007D6B0 /* 2DArraySearch.m */; };
		5B07641920637D400007D6B0 /* PrintListReversingly.m in Sources */ = {isa = PBXBuildFile; fileRef = 5B07641820637D400007D6B0 /* PrintListReversingly.m */; };
		5B07641E20637D730007D6B0 /* LinkList.m in Sources */ = {isa = PBXBuildFile; fileRef = 5B07641D20637D730007D6B0 /* LinkList.m */; };
		5B07642F2064E6B30007D6B0 /* TestPrintListReversingly.m in Sources */ = {isa = PBXBuildFile; fileRef = 5B07642E2064E6B30007D6B0 /* TestPrintListReversingly.m */; };
		5B0764302064E8220007D6B0 /* PrintListReversingly.h in Sources */ = {isa = PBXBuildFile; fileRef = 5B07641720637D400007D6B0 /* PrintListReversingly.h */; };
		5B0764312064E8220007D6B0 /* PrintListReversingly.m in Sources */ = {isa = PBXBuildFile; fileRef = 5B07641820637D400007D6B0 /* PrintListReversingly.m */; };
		5B0764322064E8220007D6B0 /* 2DArraySearch.h in Sources */ = {isa = PBXBuildFile; fileRef = 5B076414206374340007D6B0 /* 2DArraySearch.h */; };
		5B0764332064E8220007D6B0 /* 2DArraySearch.m in Sources */ = {isa = PBXBuildFile; fileRef = 5B076415206374340007D6B0 /* 2DArraySearch.m */; };
		5B0764342064E8220007D6B0 /* Singletion.h in Sources */ = {isa = PBXBuildFile; fileRef = 5B893537206369ED00A54952 /* Singletion.h */; };
		5B0764352064E8220007D6B0 /* Singletion.m in Sources */ = {isa = PBXBuildFile; fileRef = 5B893538206369ED00A54952 /* Singletion.m */; };
		5B0764362064E8220007D6B0 /* duplicateNumber.h in Sources */ = {isa = PBXBuildFile; fileRef = 5B89353A20636C6400A54952 /* duplicateNumber.h */; };
		5B0764372064E8220007D6B0 /* duplicateNumber.m in Sources */ = {isa = PBXBuildFile; fileRef = 5B89353B20636C6400A54952 /* duplicateNumber.m */; };
		5B0764382064E8220007D6B0 /* LinkList.h in Sources */ = {isa = PBXBuildFile; fileRef = 5B07641C20637D730007D6B0 /* LinkList.h */; };
		5B0764392064E8220007D6B0 /* LinkList.m in Sources */ = {isa = PBXBuildFile; fileRef = 5B07641D20637D730007D6B0 /* LinkList.m */; };
		5B0764412064E9340007D6B0 /* BinaryTree.m in Sources */ = {isa = PBXBuildFile; fileRef = 5B0764402064E9340007D6B0 /* BinaryTree.m */; };
		5B0764422064E9340007D6B0 /* BinaryTree.m in Sources */ = {isa = PBXBuildFile; fileRef = 5B0764402064E9340007D6B0 /* BinaryTree.m */; };
		5B893531206369E000A54952 /* main.m in Sources */ = {isa = PBXBuildFile; fileRef = 5B893530206369E000A54952 /* main.m */; };
		5B893539206369ED00A54952 /* Singletion.m in Sources */ = {isa = PBXBuildFile; fileRef = 5B893538206369ED00A54952 /* Singletion.m */; };
		5B89353C20636C6400A54952 /* duplicateNumber.m in Sources */ = {isa = PBXBuildFile; fileRef = 5B89353B20636C6400A54952 /* duplicateNumber.m */; };
		5BC3E6E12064E9C200E70862 /* RebuildBinaryTree.m in Sources */ = {isa = PBXBuildFile; fileRef = 5BC3E6E02064E9C200E70862 /* RebuildBinaryTree.m */; };
		5BC3E6E22064E9C200E70862 /* RebuildBinaryTree.m in Sources */ = {isa = PBXBuildFile; fileRef = 5BC3E6E02064E9C200E70862 /* RebuildBinaryTree.m */; };
		5BC3E6E42064FD8900E70862 /* TestRebuildBinaryTree.m in Sources */ = {isa = PBXBuildFile; fileRef = 5BC3E6E32064FD8900E70862 /* TestRebuildBinaryTree.m */; };
		5BC3E6E72065027300E70862 /* Stack.m in Sources */ = {isa = PBXBuildFile; fileRef = 5BC3E6E62065027300E70862 /* Stack.m */; };
		5BC3E6E82065027300E70862 /* Stack.m in Sources */ = {isa = PBXBuildFile; fileRef = 5BC3E6E62065027300E70862 /* Stack.m */; };
		5BC3E6EC20662A5900E70862 /* TwoStackQueue.m in Sources */ = {isa = PBXBuildFile; fileRef = 5BC3E6EB20662A5900E70862 /* TwoStackQueue.m */; };
		5BC3E6EE20662E0A00E70862 /* TestTwoStackQueue.m in Sources */ = {isa = PBXBuildFile; fileRef = 5BC3E6ED20662E0A00E70862 /* TestTwoStackQueue.m */; };
		5BC3E6EF20662F5800E70862 /* TwoStackQueue.h in Sources */ = {isa = PBXBuildFile; fileRef = 5BC3E6EA20662A5900E70862 /* TwoStackQueue.h */; };
		5BC3E6F020662F5800E70862 /* TwoStackQueue.m in Sources */ = {isa = PBXBuildFile; fileRef = 5BC3E6EB20662A5900E70862 /* TwoStackQueue.m */; };
		5BC3E6F120662F5800E70862 /* RebuildBinaryTree.h in Sources */ = {isa = PBXBuildFile; fileRef = 5BC3E6DF2064E9C200E70862 /* RebuildBinaryTree.h */; };
		5BC3E6F220662F5800E70862 /* BinaryTree.h in Sources */ = {isa = PBXBuildFile; fileRef = 5B07643F2064E9340007D6B0 /* BinaryTree.h */; };
		5BC3E6F320662F5800E70862 /* Stack.h in Sources */ = {isa = PBXBuildFile; fileRef = 5BC3E6E52065027300E70862 /* Stack.h */; };
		5BC3E6F6206630EB00E70862 /* Queue.m in Sources */ = {isa = PBXBuildFile; fileRef = 5BC3E6F5206630EB00E70862 /* Queue.m */; };
		5BC3E6FA2066336100E70862 /* TwoQueueStack.m in Sources */ = {isa = PBXBuildFile; fileRef = 5BC3E6F92066336100E70862 /* TwoQueueStack.m */; };
		5BC3E6FB2066365300E70862 /* TwoQueueStack.h in Sources */ = {isa = PBXBuildFile; fileRef = 5BC3E6F82066336100E70862 /* TwoQueueStack.h */; };
		5BC3E6FC2066365300E70862 /* TwoQueueStack.m in Sources */ = {isa = PBXBuildFile; fileRef = 5BC3E6F92066336100E70862 /* TwoQueueStack.m */; };
		5BC3E6FD2066365300E70862 /* Queue.h in Sources */ = {isa = PBXBuildFile; fileRef = 5BC3E6F4206630EB00E70862 /* Queue.h */; };
		5BC3E6FE2066365300E70862 /* Queue.m in Sources */ = {isa = PBXBuildFile; fileRef = 5BC3E6F5206630EB00E70862 /* Queue.m */; };
		5BC3E7002066366200E70862 /* TestTwoQueueStack.m in Sources */ = {isa = PBXBuildFile; fileRef = 5BC3E6FF2066366200E70862 /* TestTwoQueueStack.m */; };
		B347D8EB20677544009BC3D2 /* Fibonacci.h in Sources */ = {isa = PBXBuildFile; fileRef = B3FBE11420664EAF00627ACD /* Fibonacci.h */; };
		B347D8EC20677544009BC3D2 /* Fibonacci.m in Sources */ = {isa = PBXBuildFile; fileRef = B3FBE11520664EAF00627ACD /* Fibonacci.m */; };
		B347D90720677D88009BC3D2 /* TestFibonacci.m in Sources */ = {isa = PBXBuildFile; fileRef = B347D90620677D88009BC3D2 /* TestFibonacci.m */; };
		B347D90B20679C31009BC3D2 /* MirrorOfBinaryTree.m in Sources */ = {isa = PBXBuildFile; fileRef = B347D90A20679C31009BC3D2 /* MirrorOfBinaryTree.m */; };
		B347D90E2067A118009BC3D2 /* MirrorOfBinaryTree.h in Sources */ = {isa = PBXBuildFile; fileRef = B347D90920679C31009BC3D2 /* MirrorOfBinaryTree.h */; };
		B347D90F2067A118009BC3D2 /* MirrorOfBinaryTree.m in Sources */ = {isa = PBXBuildFile; fileRef = B347D90A20679C31009BC3D2 /* MirrorOfBinaryTree.m */; };
		B347D9102067A13F009BC3D2 /* 剑指offer题目 in Resources */ = {isa = PBXBuildFile; fileRef = 5B89352D206369E000A54952 /* 剑指offer题目 */; };
		B347D9122067B55A009BC3D2 /* TestMirrorOfBinaryTree.m in Sources */ = {isa = PBXBuildFile; fileRef = B347D9112067B55A009BC3D2 /* TestMirrorOfBinaryTree.m */; };
		B3FBE11620664EAF00627ACD /* Fibonacci.m in Sources */ = {isa = PBXBuildFile; fileRef = B3FBE11520664EAF00627ACD /* Fibonacci.m */; };
/* End PBXBuildFile section */

/* Begin PBXCopyFilesBuildPhase section */
		5B89352B206369E000A54952 /* CopyFiles */ = {
			isa = PBXCopyFilesBuildPhase;
			buildActionMask = 2147483647;
			dstPath = /usr/share/man/man1/;
			dstSubfolderSpec = 0;
			files = (
			);
			runOnlyForDeploymentPostprocessing = 1;
		};
/* End PBXCopyFilesBuildPhase section */

/* Begin PBXFileReference section */
		5B076414206374340007D6B0 /* 2DArraySearch.h */ = {isa = PBXFileReference; lastKnownFileType = sourcecode.c.h; path = 2DArraySearch.h; sourceTree = "<group>"; };
		5B076415206374340007D6B0 /* 2DArraySearch.m */ = {isa = PBXFileReference; lastKnownFileType = sourcecode.c.objc; path = 2DArraySearch.m; sourceTree = "<group>"; };
		5B07641720637D400007D6B0 /* PrintListReversingly.h */ = {isa = PBXFileReference; lastKnownFileType = sourcecode.c.h; path = PrintListReversingly.h; sourceTree = "<group>"; };
		5B07641820637D400007D6B0 /* PrintListReversingly.m */ = {isa = PBXFileReference; lastKnownFileType = sourcecode.c.objc; path = PrintListReversingly.m; sourceTree = "<group>"; };
		5B07641C20637D730007D6B0 /* LinkList.h */ = {isa = PBXFileReference; lastKnownFileType = sourcecode.c.h; path = LinkList.h; sourceTree = "<group>"; };
		5B07641D20637D730007D6B0 /* LinkList.m */ = {isa = PBXFileReference; lastKnownFileType = sourcecode.c.objc; path = LinkList.m; sourceTree = "<group>"; };
		5B0764262064E64E0007D6B0 /* 剑指Offer题目测试.xctest */ = {isa = PBXFileReference; explicitFileType = wrapper.cfbundle; includeInIndex = 0; path = "剑指Offer题目测试.xctest"; sourceTree = BUILT_PRODUCTS_DIR; };
		5B07642A2064E64E0007D6B0 /* Info.plist */ = {isa = PBXFileReference; lastKnownFileType = text.plist.xml; path = Info.plist; sourceTree = "<group>"; };
		5B07642E2064E6B30007D6B0 /* TestPrintListReversingly.m */ = {isa = PBXFileReference; lastKnownFileType = sourcecode.c.objc; path = TestPrintListReversingly.m; sourceTree = "<group>"; };
		5B07643F2064E9340007D6B0 /* BinaryTree.h */ = {isa = PBXFileReference; lastKnownFileType = sourcecode.c.h; path = BinaryTree.h; sourceTree = "<group>"; };
		5B0764402064E9340007D6B0 /* BinaryTree.m */ = {isa = PBXFileReference; lastKnownFileType = sourcecode.c.objc; path = BinaryTree.m; sourceTree = "<group>"; };
		5B89352D206369E000A54952 /* 剑指offer题目 */ = {isa = PBXFileReference; explicitFileType = "compiled.mach-o.executable"; includeInIndex = 0; path = "剑指offer题目"; sourceTree = BUILT_PRODUCTS_DIR; };
		5B893530206369E000A54952 /* main.m */ = {isa = PBXFileReference; lastKnownFileType = sourcecode.c.objc; path = main.m; sourceTree = "<group>"; };
		5B893537206369ED00A54952 /* Singletion.h */ = {isa = PBXFileReference; lastKnownFileType = sourcecode.c.h; path = Singletion.h; sourceTree = "<group>"; };
		5B893538206369ED00A54952 /* Singletion.m */ = {isa = PBXFileReference; lastKnownFileType = sourcecode.c.objc; path = Singletion.m; sourceTree = "<group>"; };
		5B89353A20636C6400A54952 /* duplicateNumber.h */ = {isa = PBXFileReference; lastKnownFileType = sourcecode.c.h; path = duplicateNumber.h; sourceTree = "<group>"; };
		5B89353B20636C6400A54952 /* duplicateNumber.m */ = {isa = PBXFileReference; lastKnownFileType = sourcecode.c.objc; path = duplicateNumber.m; sourceTree = "<group>"; };
		5BC3E6DF2064E9C200E70862 /* RebuildBinaryTree.h */ = {isa = PBXFileReference; lastKnownFileType = sourcecode.c.h; path = RebuildBinaryTree.h; sourceTree = "<group>"; };
		5BC3E6E02064E9C200E70862 /* RebuildBinaryTree.m */ = {isa = PBXFileReference; lastKnownFileType = sourcecode.c.objc; path = RebuildBinaryTree.m; sourceTree = "<group>"; };
		5BC3E6E32064FD8900E70862 /* TestRebuildBinaryTree.m */ = {isa = PBXFileReference; lastKnownFileType = sourcecode.c.objc; path = TestRebuildBinaryTree.m; sourceTree = "<group>"; };
		5BC3E6E52065027300E70862 /* Stack.h */ = {isa = PBXFileReference; lastKnownFileType = sourcecode.c.h; path = Stack.h; sourceTree = "<group>"; };
		5BC3E6E62065027300E70862 /* Stack.m */ = {isa = PBXFileReference; lastKnownFileType = sourcecode.c.objc; path = Stack.m; sourceTree = "<group>"; };
		5BC3E6EA20662A5900E70862 /* TwoStackQueue.h */ = {isa = PBXFileReference; lastKnownFileType = sourcecode.c.h; path = TwoStackQueue.h; sourceTree = "<group>"; };
		5BC3E6EB20662A5900E70862 /* TwoStackQueue.m */ = {isa = PBXFileReference; lastKnownFileType = sourcecode.c.objc; path = TwoStackQueue.m; sourceTree = "<group>"; };
		5BC3E6ED20662E0A00E70862 /* TestTwoStackQueue.m */ = {isa = PBXFileReference; lastKnownFileType = sourcecode.c.objc; path = TestTwoStackQueue.m; sourceTree = "<group>"; };
		5BC3E6F4206630EB00E70862 /* Queue.h */ = {isa = PBXFileReference; lastKnownFileType = sourcecode.c.h; path = Queue.h; sourceTree = "<group>"; };
		5BC3E6F5206630EB00E70862 /* Queue.m */ = {isa = PBXFileReference; lastKnownFileType = sourcecode.c.objc; path = Queue.m; sourceTree = "<group>"; };
		5BC3E6F82066336100E70862 /* TwoQueueStack.h */ = {isa = PBXFileReference; lastKnownFileType = sourcecode.c.h; path = TwoQueueStack.h; sourceTree = "<group>"; };
		5BC3E6F92066336100E70862 /* TwoQueueStack.m */ = {isa = PBXFileReference; lastKnownFileType = sourcecode.c.objc; path = TwoQueueStack.m; sourceTree = "<group>"; };
		5BC3E6FF2066366200E70862 /* TestTwoQueueStack.m */ = {isa = PBXFileReference; lastKnownFileType = sourcecode.c.objc; path = TestTwoQueueStack.m; sourceTree = "<group>"; };
		B347D90620677D88009BC3D2 /* TestFibonacci.m */ = {isa = PBXFileReference; lastKnownFileType = sourcecode.c.objc; path = TestFibonacci.m; sourceTree = "<group>"; };
		B347D90920679C31009BC3D2 /* MirrorOfBinaryTree.h */ = {isa = PBXFileReference; lastKnownFileType = sourcecode.c.h; path = MirrorOfBinaryTree.h; sourceTree = "<group>"; };
		B347D90A20679C31009BC3D2 /* MirrorOfBinaryTree.m */ = {isa = PBXFileReference; lastKnownFileType = sourcecode.c.objc; path = MirrorOfBinaryTree.m; sourceTree = "<group>"; };
		B347D9112067B55A009BC3D2 /* TestMirrorOfBinaryTree.m */ = {isa = PBXFileReference; lastKnownFileType = sourcecode.c.objc; path = TestMirrorOfBinaryTree.m; sourceTree = "<group>"; };
		B3FBE11420664EAF00627ACD /* Fibonacci.h */ = {isa = PBXFileReference; lastKnownFileType = sourcecode.c.h; path = Fibonacci.h; sourceTree = "<group>"; };
		B3FBE11520664EAF00627ACD /* Fibonacci.m */ = {isa = PBXFileReference; lastKnownFileType = sourcecode.c.objc; path = Fibonacci.m; sourceTree = "<group>"; };
/* End PBXFileReference section */

/* Begin PBXFrameworksBuildPhase section */
		5B0764232064E64E0007D6B0 /* Frameworks */ = {
			isa = PBXFrameworksBuildPhase;
			buildActionMask = 2147483647;
			files = (
			);
			runOnlyForDeploymentPostprocessing = 0;
		};
		5B89352A206369E000A54952 /* Frameworks */ = {
			isa = PBXFrameworksBuildPhase;
			buildActionMask = 2147483647;
			files = (
			);
			runOnlyForDeploymentPostprocessing = 0;
		};
/* End PBXFrameworksBuildPhase section */

/* Begin PBXGroup section */
		5B07641A20637D450007D6B0 /* 从尾到头打印链表 */ = {
			isa = PBXGroup;
			children = (
				5B07641720637D400007D6B0 /* PrintListReversingly.h */,
				5B07641820637D400007D6B0 /* PrintListReversingly.m */,
			);
			path = "从尾到头打印链表";
			sourceTree = "<group>";
		};
		5B07641B20637D5A0007D6B0 /* Data Struct */ = {
			isa = PBXGroup;
			children = (
				5B07641C20637D730007D6B0 /* LinkList.h */,
				5B07641D20637D730007D6B0 /* LinkList.m */,
				5B07643F2064E9340007D6B0 /* BinaryTree.h */,
				5B0764402064E9340007D6B0 /* BinaryTree.m */,
				5BC3E6E52065027300E70862 /* Stack.h */,
				5BC3E6E62065027300E70862 /* Stack.m */,
				5BC3E6F4206630EB00E70862 /* Queue.h */,
				5BC3E6F5206630EB00E70862 /* Queue.m */,
			);
			path = "Data Struct";
			sourceTree = "<group>";
		};
		5B07641F20637DE30007D6B0 /* 题目 */ = {
			isa = PBXGroup;
			children = (
				B347D90820679B24009BC3D2 /* MirrorOfBinaryTree */,
				B3FBE11320664D3C00627ACD /* Fibonacci */,
				5BC3E6F72066335400E70862 /* TwoQueueStack */,
				5BC3E6E920662A2300E70862 /* TwoStackToQueue */,
				5B07643A2064E8950007D6B0 /* RebuildBinaryTree */,
				5B07641A20637D450007D6B0 /* 从尾到头打印链表 */,
				5BD54C1A2063740A00D8D650 /* 二维数组查找 */,
				5B89353D2063738E00A54952 /* Singleton */,
				5B89353E2063739C00A54952 /* duplicateNumber */,
			);
			path = "题目";
			sourceTree = "<group>";
		};
		5B0764272064E64E0007D6B0 /* 剑指Offer题目测试 */ = {
			isa = PBXGroup;
			children = (
				5B07642A2064E64E0007D6B0 /* Info.plist */,
				5BC3E6E32064FD8900E70862 /* TestRebuildBinaryTree.m */,
				5B07642E2064E6B30007D6B0 /* TestPrintListReversingly.m */,
				5BC3E6ED20662E0A00E70862 /* TestTwoStackQueue.m */,
				5BC3E6FF2066366200E70862 /* TestTwoQueueStack.m */,
				B347D90620677D88009BC3D2 /* TestFibonacci.m */,
				B347D9112067B55A009BC3D2 /* TestMirrorOfBinaryTree.m */,
			);
			path = "剑指Offer题目测试";
			sourceTree = "<group>";
		};
		5B07643A2064E8950007D6B0 /* RebuildBinaryTree */ = {
			isa = PBXGroup;
			children = (
				5BC3E6DF2064E9C200E70862 /* RebuildBinaryTree.h */,
				5BC3E6E02064E9C200E70862 /* RebuildBinaryTree.m */,
			);
			path = RebuildBinaryTree;
			sourceTree = "<group>";
		};
		5B893524206369E000A54952 = {
			isa = PBXGroup;
			children = (
				5B89352F206369E000A54952 /* 剑指offer题目 */,
				5B0764272064E64E0007D6B0 /* 剑指Offer题目测试 */,
				5B89352E206369E000A54952 /* Products */,
			);
			sourceTree = "<group>";
		};
		5B89352E206369E000A54952 /* Products */ = {
			isa = PBXGroup;
			children = (
				5B89352D206369E000A54952 /* 剑指offer题目 */,
				5B0764262064E64E0007D6B0 /* 剑指Offer题目测试.xctest */,
			);
			name = Products;
			sourceTree = "<group>";
		};
		5B89352F206369E000A54952 /* 剑指offer题目 */ = {
			isa = PBXGroup;
			children = (
				5B07641F20637DE30007D6B0 /* 题目 */,
				5B07641B20637D5A0007D6B0 /* Data Struct */,
				5B893530206369E000A54952 /* main.m */,
			);
			path = "剑指offer题目";
			sourceTree = "<group>";
		};
		5B89353D2063738E00A54952 /* Singleton */ = {
			isa = PBXGroup;
			children = (
				5B893537206369ED00A54952 /* Singletion.h */,
				5B893538206369ED00A54952 /* Singletion.m */,
			);
			path = Singleton;
			sourceTree = "<group>";
		};
		5B89353E2063739C00A54952 /* duplicateNumber */ = {
			isa = PBXGroup;
			children = (
				5B89353A20636C6400A54952 /* duplicateNumber.h */,
				5B89353B20636C6400A54952 /* duplicateNumber.m */,
			);
			path = duplicateNumber;
			sourceTree = "<group>";
		};
		5BC3E6E920662A2300E70862 /* TwoStackToQueue */ = {
			isa = PBXGroup;
			children = (
				5BC3E6EA20662A5900E70862 /* TwoStackQueue.h */,
				5BC3E6EB20662A5900E70862 /* TwoStackQueue.m */,
			);
			path = TwoStackToQueue;
			sourceTree = "<group>";
		};
		5BC3E6F72066335400E70862 /* TwoQueueStack */ = {
			isa = PBXGroup;
			children = (
				5BC3E6F82066336100E70862 /* TwoQueueStack.h */,
				5BC3E6F92066336100E70862 /* TwoQueueStack.m */,
			);
			path = TwoQueueStack;
			sourceTree = "<group>";
		};
		5BD54C1A2063740A00D8D650 /* 二维数组查找 */ = {
			isa = PBXGroup;
			children = (
				5B076414206374340007D6B0 /* 2DArraySearch.h */,
				5B076415206374340007D6B0 /* 2DArraySearch.m */,
			);
			path = "二维数组查找";
			sourceTree = "<group>";
		};
		B347D90820679B24009BC3D2 /* MirrorOfBinaryTree */ = {
			isa = PBXGroup;
			children = (
				B347D90920679C31009BC3D2 /* MirrorOfBinaryTree.h */,
				B347D90A20679C31009BC3D2 /* MirrorOfBinaryTree.m */,
			);
			path = MirrorOfBinaryTree;
			sourceTree = "<group>";
		};
		B3FBE11320664D3C00627ACD /* Fibonacci */ = {
			isa = PBXGroup;
			children = (
				B3FBE11420664EAF00627ACD /* Fibonacci.h */,
				B3FBE11520664EAF00627ACD /* Fibonacci.m */,
			);
			path = Fibonacci;
			sourceTree = "<group>";
		};
/* End PBXGroup section */

/* Begin PBXNativeTarget section */
		5B0764252064E64E0007D6B0 /* 剑指Offer题目测试 */ = {
			isa = PBXNativeTarget;
			buildConfigurationList = 5B07642B2064E64E0007D6B0 /* Build configuration list for PBXNativeTarget "剑指Offer题目测试" */;
			buildPhases = (
				5B0764222064E64E0007D6B0 /* Sources */,
				5B0764232064E64E0007D6B0 /* Frameworks */,
				5B0764242064E64E0007D6B0 /* Resources */,
			);
			buildRules = (
			);
			dependencies = (
			);
			name = "剑指Offer题目测试";
			productName = "剑指Offer题目测试";
			productReference = 5B0764262064E64E0007D6B0 /* 剑指Offer题目测试.xctest */;
			productType = "com.apple.product-type.bundle.unit-test";
		};
		5B89352C206369E000A54952 /* 剑指offer题目 */ = {
			isa = PBXNativeTarget;
			buildConfigurationList = 5B893534206369E000A54952 /* Build configuration list for PBXNativeTarget "剑指offer题目" */;
			buildPhases = (
				5B893529206369E000A54952 /* Sources */,
				5B89352A206369E000A54952 /* Frameworks */,
				5B89352B206369E000A54952 /* CopyFiles */,
			);
			buildRules = (
			);
			dependencies = (
			);
			name = "剑指offer题目";
			productName = "剑指offer题目";
			productReference = 5B89352D206369E000A54952 /* 剑指offer题目 */;
			productType = "com.apple.product-type.tool";
		};
/* End PBXNativeTarget section */

/* Begin PBXProject section */
		5B893525206369E000A54952 /* Project object */ = {
			isa = PBXProject;
			attributes = {
				LastUpgradeCheck = 0920;
				ORGANIZATIONNAME = Dywane;
				TargetAttributes = {
					5B0764252064E64E0007D6B0 = {
						CreatedOnToolsVersion = 9.2;
						ProvisioningStyle = Automatic;
					};
					5B89352C206369E000A54952 = {
						CreatedOnToolsVersion = 9.2;
						ProvisioningStyle = Automatic;
					};
				};
			};
			buildConfigurationList = 5B893528206369E000A54952 /* Build configuration list for PBXProject "剑指offer题目" */;
			compatibilityVersion = "Xcode 8.0";
			developmentRegion = en;
			hasScannedForEncodings = 0;
			knownRegions = (
				en,
			);
			mainGroup = 5B893524206369E000A54952;
			productRefGroup = 5B89352E206369E000A54952 /* Products */;
			projectDirPath = "";
			projectRoot = "";
			targets = (
				5B89352C206369E000A54952 /* 剑指offer题目 */,
				5B0764252064E64E0007D6B0 /* 剑指Offer题目测试 */,
			);
		};
/* End PBXProject section */

/* Begin PBXResourcesBuildPhase section */
		5B0764242064E64E0007D6B0 /* Resources */ = {
			isa = PBXResourcesBuildPhase;
			buildActionMask = 2147483647;
			files = (
				B347D9102067A13F009BC3D2 /* 剑指offer题目 in Resources */,
			);
			runOnlyForDeploymentPostprocessing = 0;
		};
/* End PBXResourcesBuildPhase section */

/* Begin PBXSourcesBuildPhase section */
		5B0764222064E64E0007D6B0 /* Sources */ = {
			isa = PBXSourcesBuildPhase;
			buildActionMask = 2147483647;
			files = (
				B347D90E2067A118009BC3D2 /* MirrorOfBinaryTree.h in Sources */,
				B347D90F2067A118009BC3D2 /* MirrorOfBinaryTree.m in Sources */,
				B347D8EB20677544009BC3D2 /* Fibonacci.h in Sources */,
				B347D8EC20677544009BC3D2 /* Fibonacci.m in Sources */,
				5BC3E6FB2066365300E70862 /* TwoQueueStack.h in Sources */,
				5BC3E6FC2066365300E70862 /* TwoQueueStack.m in Sources */,
				5BC3E7002066366200E70862 /* TestTwoQueueStack.m in Sources */,
				5BC3E6FD2066365300E70862 /* Queue.h in Sources */,
				5BC3E6FE2066365300E70862 /* Queue.m in Sources */,
				5BC3E6F320662F5800E70862 /* Stack.h in Sources */,
				5BC3E6E82065027300E70862 /* Stack.m in Sources */,
				5B0764382064E8220007D6B0 /* LinkList.h in Sources */,
				5B0764392064E8220007D6B0 /* LinkList.m in Sources */,
				5BC3E6EF20662F5800E70862 /* TwoStackQueue.h in Sources */,
				5BC3E6F020662F5800E70862 /* TwoStackQueue.m in Sources */,
				5BC3E6EE20662E0A00E70862 /* TestTwoStackQueue.m in Sources */,
				5BC3E6F220662F5800E70862 /* BinaryTree.h in Sources */,
				5B0764422064E9340007D6B0 /* BinaryTree.m in Sources */,
				B347D90720677D88009BC3D2 /* TestFibonacci.m in Sources */,
				5B0764302064E8220007D6B0 /* PrintListReversingly.h in Sources */,
				5B0764312064E8220007D6B0 /* PrintListReversingly.m in Sources */,
				5B07642F2064E6B30007D6B0 /* TestPrintListReversingly.m in Sources */,
				5BC3E6F120662F5800E70862 /* RebuildBinaryTree.h in Sources */,
				5BC3E6E22064E9C200E70862 /* RebuildBinaryTree.m in Sources */,
				B347D9122067B55A009BC3D2 /* TestMirrorOfBinaryTree.m in Sources */,
				5BC3E6E42064FD8900E70862 /* TestRebuildBinaryTree.m in Sources */,
				5B0764322064E8220007D6B0 /* 2DArraySearch.h in Sources */,
				5B0764332064E8220007D6B0 /* 2DArraySearch.m in Sources */,
				5B0764342064E8220007D6B0 /* Singletion.h in Sources */,
				5B0764352064E8220007D6B0 /* Singletion.m in Sources */,
				5B0764362064E8220007D6B0 /* duplicateNumber.h in Sources */,
				5B0764372064E8220007D6B0 /* duplicateNumber.m in Sources */,
			);
			runOnlyForDeploymentPostprocessing = 0;
		};
		5B893529206369E000A54952 /* Sources */ = {
			isa = PBXSourcesBuildPhase;
			buildActionMask = 2147483647;
			files = (
				B3FBE11620664EAF00627ACD /* Fibonacci.m in Sources */,
				5BC3E6E72065027300E70862 /* Stack.m in Sources */,
				5BC3E6EC20662A5900E70862 /* TwoStackQueue.m in Sources */,
				5B893531206369E000A54952 /* main.m in Sources */,
				5B07641920637D400007D6B0 /* PrintListReversingly.m in Sources */,
				5BC3E6E12064E9C200E70862 /* RebuildBinaryTree.m in Sources */,
				5BC3E6F6206630EB00E70862 /* Queue.m in Sources */,
				5B076416206374340007D6B0 /* 2DArraySearch.m in Sources */,
				5BC3E6FA2066336100E70862 /* TwoQueueStack.m in Sources */,
				5B07641E20637D730007D6B0 /* LinkList.m in Sources */,
				B347D90B20679C31009BC3D2 /* MirrorOfBinaryTree.m in Sources */,
				5B893539206369ED00A54952 /* Singletion.m in Sources */,
				5B0764412064E9340007D6B0 /* BinaryTree.m in Sources */,
				5B89353C20636C6400A54952 /* duplicateNumber.m in Sources */,
			);
			runOnlyForDeploymentPostprocessing = 0;
		};
/* End PBXSourcesBuildPhase section */

/* Begin XCBuildConfiguration section */
		5B07642C2064E64E0007D6B0 /* Debug */ = {
			isa = XCBuildConfiguration;
			buildSettings = {
				CODE_SIGN_STYLE = Automatic;
				COMBINE_HIDPI_IMAGES = YES;
				DEVELOPMENT_TEAM = XF4H6E7DJ8;
				INFOPLIST_FILE = "剑指Offer题目测试/Info.plist";
				LD_RUNPATH_SEARCH_PATHS = "$(inherited) @executable_path/../Frameworks @loader_path/../Frameworks";
				MACOSX_DEPLOYMENT_TARGET = 10.12;
				PRODUCT_BUNDLE_IDENTIFIER = "dywane.--Offer----";
				PRODUCT_NAME = "$(TARGET_NAME)";
			};
			name = Debug;
		};
		5B07642D2064E64E0007D6B0 /* Release */ = {
			isa = XCBuildConfiguration;
			buildSettings = {
				CODE_SIGN_STYLE = Automatic;
				COMBINE_HIDPI_IMAGES = YES;
				DEVELOPMENT_TEAM = XF4H6E7DJ8;
				INFOPLIST_FILE = "剑指Offer题目测试/Info.plist";
				LD_RUNPATH_SEARCH_PATHS = "$(inherited) @executable_path/../Frameworks @loader_path/../Frameworks";
				MACOSX_DEPLOYMENT_TARGET = 10.12;
				PRODUCT_BUNDLE_IDENTIFIER = "dywane.--Offer----";
				PRODUCT_NAME = "$(TARGET_NAME)";
			};
			name = Release;
		};
		5B893532206369E000A54952 /* Debug */ = {
			isa = XCBuildConfiguration;
			buildSettings = {
				ALWAYS_SEARCH_USER_PATHS = NO;
				CLANG_ANALYZER_NONNULL = YES;
				CLANG_ANALYZER_NUMBER_OBJECT_CONVERSION = YES_AGGRESSIVE;
				CLANG_CXX_LANGUAGE_STANDARD = "gnu++14";
				CLANG_CXX_LIBRARY = "libc++";
				CLANG_ENABLE_MODULES = YES;
				CLANG_ENABLE_OBJC_ARC = YES;
				CLANG_WARN_BLOCK_CAPTURE_AUTORELEASING = YES;
				CLANG_WARN_BOOL_CONVERSION = YES;
				CLANG_WARN_COMMA = YES;
				CLANG_WARN_CONSTANT_CONVERSION = YES;
				CLANG_WARN_DIRECT_OBJC_ISA_USAGE = YES_ERROR;
				CLANG_WARN_DOCUMENTATION_COMMENTS = YES;
				CLANG_WARN_EMPTY_BODY = YES;
				CLANG_WARN_ENUM_CONVERSION = YES;
				CLANG_WARN_INFINITE_RECURSION = YES;
				CLANG_WARN_INT_CONVERSION = YES;
				CLANG_WARN_NON_LITERAL_NULL_CONVERSION = YES;
				CLANG_WARN_OBJC_LITERAL_CONVERSION = YES;
				CLANG_WARN_OBJC_ROOT_CLASS = YES_ERROR;
				CLANG_WARN_RANGE_LOOP_ANALYSIS = YES;
				CLANG_WARN_STRICT_PROTOTYPES = YES;
				CLANG_WARN_SUSPICIOUS_MOVE = YES;
				CLANG_WARN_UNGUARDED_AVAILABILITY = YES_AGGRESSIVE;
				CLANG_WARN_UNREACHABLE_CODE = YES;
				CLANG_WARN__DUPLICATE_METHOD_MATCH = YES;
				CODE_SIGN_IDENTITY = "Mac Developer";
				COPY_PHASE_STRIP = NO;
				DEBUG_INFORMATION_FORMAT = dwarf;
				ENABLE_STRICT_OBJC_MSGSEND = YES;
				ENABLE_TESTABILITY = YES;
				GCC_C_LANGUAGE_STANDARD = gnu11;
				GCC_DYNAMIC_NO_PIC = NO;
				GCC_NO_COMMON_BLOCKS = YES;
				GCC_OPTIMIZATION_LEVEL = 0;
				GCC_PREPROCESSOR_DEFINITIONS = (
					"DEBUG=1",
					"$(inherited)",
				);
				GCC_WARN_64_TO_32_BIT_CONVERSION = YES;
				GCC_WARN_ABOUT_RETURN_TYPE = YES_ERROR;
				GCC_WARN_UNDECLARED_SELECTOR = YES;
				GCC_WARN_UNINITIALIZED_AUTOS = YES_AGGRESSIVE;
				GCC_WARN_UNUSED_FUNCTION = YES;
				GCC_WARN_UNUSED_VARIABLE = YES;
				MACOSX_DEPLOYMENT_TARGET = 10.13;
				MTL_ENABLE_DEBUG_INFO = YES;
				ONLY_ACTIVE_ARCH = YES;
				SDKROOT = macosx;
			};
			name = Debug;
		};
		5B893533206369E000A54952 /* Release */ = {
			isa = XCBuildConfiguration;
			buildSettings = {
				ALWAYS_SEARCH_USER_PATHS = NO;
				CLANG_ANALYZER_NONNULL = YES;
				CLANG_ANALYZER_NUMBER_OBJECT_CONVERSION = YES_AGGRESSIVE;
				CLANG_CXX_LANGUAGE_STANDARD = "gnu++14";
				CLANG_CXX_LIBRARY = "libc++";
				CLANG_ENABLE_MODULES = YES;
				CLANG_ENABLE_OBJC_ARC = YES;
				CLANG_WARN_BLOCK_CAPTURE_AUTORELEASING = YES;
				CLANG_WARN_BOOL_CONVERSION = YES;
				CLANG_WARN_COMMA = YES;
				CLANG_WARN_CONSTANT_CONVERSION = YES;
				CLANG_WARN_DIRECT_OBJC_ISA_USAGE = YES_ERROR;
				CLANG_WARN_DOCUMENTATION_COMMENTS = YES;
				CLANG_WARN_EMPTY_BODY = YES;
				CLANG_WARN_ENUM_CONVERSION = YES;
				CLANG_WARN_INFINITE_RECURSION = YES;
				CLANG_WARN_INT_CONVERSION = YES;
				CLANG_WARN_NON_LITERAL_NULL_CONVERSION = YES;
				CLANG_WARN_OBJC_LITERAL_CONVERSION = YES;
				CLANG_WARN_OBJC_ROOT_CLASS = YES_ERROR;
				CLANG_WARN_RANGE_LOOP_ANALYSIS = YES;
				CLANG_WARN_STRICT_PROTOTYPES = YES;
				CLANG_WARN_SUSPICIOUS_MOVE = YES;
				CLANG_WARN_UNGUARDED_AVAILABILITY = YES_AGGRESSIVE;
				CLANG_WARN_UNREACHABLE_CODE = YES;
				CLANG_WARN__DUPLICATE_METHOD_MATCH = YES;
				CODE_SIGN_IDENTITY = "Mac Developer";
				COPY_PHASE_STRIP = NO;
				DEBUG_INFORMATION_FORMAT = "dwarf-with-dsym";
				ENABLE_NS_ASSERTIONS = NO;
				ENABLE_STRICT_OBJC_MSGSEND = YES;
				GCC_C_LANGUAGE_STANDARD = gnu11;
				GCC_NO_COMMON_BLOCKS = YES;
				GCC_WARN_64_TO_32_BIT_CONVERSION = YES;
				GCC_WARN_ABOUT_RETURN_TYPE = YES_ERROR;
				GCC_WARN_UNDECLARED_SELECTOR = YES;
				GCC_WARN_UNINITIALIZED_AUTOS = YES_AGGRESSIVE;
				GCC_WARN_UNUSED_FUNCTION = YES;
				GCC_WARN_UNUSED_VARIABLE = YES;
				MACOSX_DEPLOYMENT_TARGET = 10.13;
				MTL_ENABLE_DEBUG_INFO = NO;
				SDKROOT = macosx;
			};
			name = Release;
		};
		5B893535206369E000A54952 /* Debug */ = {
			isa = XCBuildConfiguration;
			buildSettings = {
				CODE_SIGN_STYLE = Automatic;
				DEVELOPMENT_TEAM = XF4H6E7DJ8;
				FRAMEWORK_SEARCH_PATHS = "$(PLATFORM_DIR)/Developer/Library/Frameworks";
				MACOSX_DEPLOYMENT_TARGET = 10.12;
				PRODUCT_NAME = "$(TARGET_NAME)";
			};
			name = Debug;
		};
		5B893536206369E000A54952 /* Release */ = {
			isa = XCBuildConfiguration;
			buildSettings = {
				CODE_SIGN_STYLE = Automatic;
				DEVELOPMENT_TEAM = XF4H6E7DJ8;
				FRAMEWORK_SEARCH_PATHS = "$(PLATFORM_DIR)/Developer/Library/Frameworks";
				MACOSX_DEPLOYMENT_TARGET = 10.12;
				PRODUCT_NAME = "$(TARGET_NAME)";
			};
			name = Release;
		};
/* End XCBuildConfiguration section */

/* Begin XCConfigurationList section */
		5B07642B2064E64E0007D6B0 /* Build configuration list for PBXNativeTarget "剑指Offer题目测试" */ = {
			isa = XCConfigurationList;
			buildConfigurations = (
				5B07642C2064E64E0007D6B0 /* Debug */,
				5B07642D2064E64E0007D6B0 /* Release */,
			);
			defaultConfigurationIsVisible = 0;
			defaultConfigurationName = Release;
		};
		5B893528206369E000A54952 /* Build configuration list for PBXProject "剑指offer题目" */ = {
			isa = XCConfigurationList;
			buildConfigurations = (
				5B893532206369E000A54952 /* Debug */,
				5B893533206369E000A54952 /* Release */,
			);
			defaultConfigurationIsVisible = 0;
			defaultConfigurationName = Release;
		};
		5B893534206369E000A54952 /* Build configuration list for PBXNativeTarget "剑指offer题目" */ = {
			isa = XCConfigurationList;
			buildConfigurations = (
				5B893535206369E000A54952 /* Debug */,
				5B893536206369E000A54952 /* Release */,
			);
			defaultConfigurationIsVisible = 0;
			defaultConfigurationName = Release;
		};
/* End XCConfigurationList section */
	};
	rootObject = 5B893525206369E000A54952 /* Project object */;
}
